PODS:
  - connectivity_plus (0.0.1):
    - Flutter
  - device_info_plus (0.0.1):
    - Flutter
  - Flutter (1.0.0)
  - flutter_downloader (0.0.1):
    - Flutter
  - flutter_inappwebview_ios (0.0.1):
    - Flutter
    - flutter_inappwebview_ios/Core (= 0.0.1)
    - OrderedSet (~> 6.0.3)
  - flutter_inappwebview_ios/Core (0.0.1):
    - Flutter
    - OrderedSet (~> 6.0.3)
  - flutter_local_notifications (0.0.1):
    - Flutter
  - flutter_secure_storage (6.0.0):
    - Flutter
  - image_picker_ios (0.0.1):
    - Flutter
  - local_auth_darwin (0.0.1):
    - Flutter
    - FlutterMacOS
  - MTBBarcodeScanner (5.0.11)
  - OrderedSet (6.0.3)
  - package_info_plus (0.4.5):
    - Flutter
  - path_provider_foundation (0.0.1):
    - Flutter
    - FlutterMacOS
  - permission_handler_apple (9.1.1):
    - Flutter
  - qr_code_scanner (0.2.0):
    - Flutter
    - MTBBarcodeScanner
  - rive_common (0.0.1):
    - Flutter
  - scan (0.0.1):
    - Flutter
  - screenshot_callback (0.0.1):
    - Flutter
  - share (0.0.1):
    - Flutter
  - shared_preferences_foundation (0.0.1):
    - Flutter
    - FlutterMacOS
  - smart_auth (0.0.1):
    - Flutter
  - sqflite_darwin (0.0.4):
    - Flutter
    - FlutterMacOS
  - url_launcher_ios (0.0.1):
    - Flutter
  - vibration (3.0.0):
    - Flutter
  - video_player_avfoundation (0.0.1):
    - Flutter
    - FlutterMacOS

DEPENDENCIES:
  - connectivity_plus (from `.symlinks/plugins/connectivity_plus/ios`)
  - device_info_plus (from `.symlinks/plugins/device_info_plus/ios`)
  - Flutter (from `Flutter`)
  - flutter_downloader (from `.symlinks/plugins/flutter_downloader/ios`)
  - flutter_inappwebview_ios (from `.symlinks/plugins/flutter_inappwebview_ios/ios`)
  - flutter_local_notifications (from `.symlinks/plugins/flutter_local_notifications/ios`)
  - flutter_secure_storage (from `.symlinks/plugins/flutter_secure_storage/ios`)
  - image_picker_ios (from `.symlinks/plugins/image_picker_ios/ios`)
  - local_auth_darwin (from `.symlinks/plugins/local_auth_darwin/darwin`)
  - package_info_plus (from `.symlinks/plugins/package_info_plus/ios`)
  - path_provider_foundation (from `.symlinks/plugins/path_provider_foundation/darwin`)
  - permission_handler_apple (from `.symlinks/plugins/permission_handler_apple/ios`)
  - qr_code_scanner (from `.symlinks/plugins/qr_code_scanner/ios`)
  - rive_common (from `.symlinks/plugins/rive_common/ios`)
  - scan (from `.symlinks/plugins/scan/ios`)
  - screenshot_callback (from `.symlinks/plugins/screenshot_callback/ios`)
  - share (from `.symlinks/plugins/share/ios`)
  - shared_preferences_foundation (from `.symlinks/plugins/shared_preferences_foundation/darwin`)
  - smart_auth (from `.symlinks/plugins/smart_auth/ios`)
  - sqflite_darwin (from `.symlinks/plugins/sqflite_darwin/darwin`)
  - url_launcher_ios (from `.symlinks/plugins/url_launcher_ios/ios`)
  - vibration (from `.symlinks/plugins/vibration/ios`)
  - video_player_avfoundation (from `.symlinks/plugins/video_player_avfoundation/darwin`)

SPEC REPOS:
  trunk:
    - MTBBarcodeScanner
    - OrderedSet

EXTERNAL SOURCES:
  connectivity_plus:
    :path: ".symlinks/plugins/connectivity_plus/ios"
  device_info_plus:
    :path: ".symlinks/plugins/device_info_plus/ios"
  Flutter:
    :path: Flutter
  flutter_downloader:
    :path: ".symlinks/plugins/flutter_downloader/ios"
  flutter_inappwebview_ios:
    :path: ".symlinks/plugins/flutter_inappwebview_ios/ios"
  flutter_local_notifications:
    :path: ".symlinks/plugins/flutter_local_notifications/ios"
  flutter_secure_storage:
    :path: ".symlinks/plugins/flutter_secure_storage/ios"
  image_picker_ios:
    :path: ".symlinks/plugins/image_picker_ios/ios"
  local_auth_darwin:
    :path: ".symlinks/plugins/local_auth_darwin/darwin"
  package_info_plus:
    :path: ".symlinks/plugins/package_info_plus/ios"
  path_provider_foundation:
    :path: ".symlinks/plugins/path_provider_foundation/darwin"
  permission_handler_apple:
    :path: ".symlinks/plugins/permission_handler_apple/ios"
  qr_code_scanner:
    :path: ".symlinks/plugins/qr_code_scanner/ios"
  rive_common:
    :path: ".symlinks/plugins/rive_common/ios"
  scan:
    :path: ".symlinks/plugins/scan/ios"
  screenshot_callback:
    :path: ".symlinks/plugins/screenshot_callback/ios"
  share:
    :path: ".symlinks/plugins/share/ios"
  shared_preferences_foundation:
    :path: ".symlinks/plugins/shared_preferences_foundation/darwin"
  smart_auth:
    :path: ".symlinks/plugins/smart_auth/ios"
  sqflite_darwin:
    :path: ".symlinks/plugins/sqflite_darwin/darwin"
  url_launcher_ios:
    :path: ".symlinks/plugins/url_launcher_ios/ios"
  vibration:
    :path: ".symlinks/plugins/vibration/ios"
  video_player_avfoundation:
    :path: ".symlinks/plugins/video_player_avfoundation/darwin"

SPEC CHECKSUMS:
  connectivity_plus: cb623214f4e1f6ef8fe7403d580fdad517d2f7dd
  device_info_plus: 21fcca2080fbcd348be798aa36c3e5ed849eefbe
  Flutter: e0871f40cf51350855a761d2e70bf5af5b9b5de7
  flutter_downloader: 78da0da1084e709cbfd3b723c7ea349c71681f09
  flutter_inappwebview_ios: b89ba3482b96fb25e00c967aae065701b66e9b99
  flutter_local_notifications: 395056b3175ba4f08480a7c5de30cd36d69827e4
  flutter_secure_storage: 2c2ff13db9e0a5647389bff88b0ecac56e3f3418
  image_picker_ios: 7fe1ff8e34c1790d6fff70a32484959f563a928a
  local_auth_darwin: 553ce4f9b16d3fdfeafce9cf042e7c9f77c1c391
  MTBBarcodeScanner: f453b33c4b7dfe545d8c6484ed744d55671788cb
  OrderedSet: e539b66b644ff081c73a262d24ad552a69be3a94
  package_info_plus: af8e2ca6888548050f16fa2f1938db7b5a5df499
  path_provider_foundation: 080d55be775b7414fd5a5ef3ac137b97b097e564
  permission_handler_apple: 3787117e48f80715ff04a3830ca039283d6a4f29
  qr_code_scanner: d77f94ecc9abf96d9b9b8fc04ef13f611e5a147a
  rive_common: dd421daaf9ae69f0125aa761dd96abd278399952
  scan: 28e4f67b9b0d63ccd5c649acc3d6aaf94c0a7a81
  screenshot_callback: 85707df1b45a59407f7de87de2408c2f5312a473
  share: a34936589f3090d59481bcdc5c30cc9dd47c75f6
  shared_preferences_foundation: 9e1978ff2562383bd5676f64ec4e9aa8fa06a6f7
  smart_auth: 33668081c5f646af84f10492a067d25fdcd16951
  sqflite_darwin: 20b2a3a3b70e43edae938624ce550a3cbf66a3d0
  url_launcher_ios: 694010445543906933d732453a59da0a173ae33d
  vibration: 69774ad57825b11c951ee4c46155f455d7a592ce
  video_player_avfoundation: 2cef49524dd1f16c5300b9cd6efd9611ce03639b

PODFILE CHECKSUM: 819463e6a0290f5a72f145ba7cde16e8b6ef0796

COCOAPODS: 1.16.2
